
Microsoft Visual Studio Solution File, Format Version 12.00
# Visual Studio Version 17
VisualStudioVersion = 17.11.35312.102
MinimumVisualStudioVersion = 10.0.40219.1
Project("{FAE04EC0-301F-11D3-BF4B-00C04F79EFBC}") = "Week6StringsAndArrays", "Week6StringsAndArrays\Week6StringsAndArrays.csproj", "{264919B1-B247-4DBA-8D51-50679DCA92E7}"
EndProject
Project("{FAE04EC0-301F-11D3-BF4B-00C04F79EFBC}") = "Arrays", "Arrays\Arrays.csproj", "{E3B1EFA5-7BDA-4347-9E7A-A186FEDE5FDB}"
EndProject
Project("{FAE04EC0-301F-11D3-BF4B-00C04F79EFBC}") = "NumberArrays", "NumberArrays\NumberArrays.csproj", "{95F24E79-CBEF-465F-B4E4-778F38FF0BA2}"
EndProject
Project("{FAE04EC0-301F-11D3-BF4B-00C04F79EFBC}") = "RandomElement", "RandomElement\RandomElement.csproj", "{77BCED58-E535-4E58-BD47-80DC13B02D9B}"
EndProject
Global
	GlobalSection(SolutionConfigurationPlatforms) = preSolution
		Debug|Any CPU = Debug|Any CPU
		Release|Any CPU = Release|Any CPU
	EndGlobalSection
	GlobalSection(ProjectConfigurationPlatforms) = postSolution
		{264919B1-B247-4DBA-8D51-50679DCA92E7}.Debug|Any CPU.ActiveCfg = Debug|Any CPU
		{264919B1-B247-4DBA-8D51-50679DCA92E7}.Debug|Any CPU.Build.0 = Debug|Any CPU
		{264919B1-B247-4DBA-8D51-50679DCA92E7}.Release|Any CPU.ActiveCfg = Release|Any CPU
		{264919B1-B247-4DBA-8D51-50679DCA92E7}.Release|Any CPU.Build.0 = Release|Any CPU
		{E3B1EFA5-7BDA-4347-9E7A-A186FEDE5FDB}.Debug|Any CPU.ActiveCfg = Debug|Any CPU
		{E3B1EFA5-7BDA-4347-9E7A-A186FEDE5FDB}.Debug|Any CPU.Build.0 = Debug|Any CPU
		{E3B1EFA5-7BDA-4347-9E7A-A186FEDE5FDB}.Release|Any CPU.ActiveCfg = Release|Any CPU
		{E3B1EFA5-7BDA-4347-9E7A-A186FEDE5FDB}.Release|Any CPU.Build.0 = Release|Any CPU
		{95F24E79-CBEF-465F-B4E4-778F38FF0BA2}.Debug|Any CPU.ActiveCfg = Debug|Any CPU
		{95F24E79-CBEF-465F-B4E4-778F38FF0BA2}.Debug|Any CPU.Build.0 = Debug|Any CPU
		{95F24E79-CBEF-465F-B4E4-778F38FF0BA2}.Release|Any CPU.ActiveCfg = Release|Any CPU
		{95F24E79-CBEF-465F-B4E4-778F38FF0BA2}.Release|Any CPU.Build.0 = Release|Any CPU
		{77BCED58-E535-4E58-BD47-80DC13B02D9B}.Debug|Any CPU.ActiveCfg = Debug|Any CPU
		{77BCED58-E535-4E58-BD47-80DC13B02D9B}.Debug|Any CPU.Build.0 = Debug|Any CPU
		{77BCED58-E535-4E58-BD47-80DC13B02D9B}.Release|Any CPU.ActiveCfg = Release|Any CPU
		{77BCED58-E535-4E58-BD47-80DC13B02D9B}.Release|Any CPU.Build.0 = Release|Any CPU
	EndGlobalSection
	GlobalSection(SolutionProperties) = preSolution
		HideSolutionNode = FALSE
	EndGlobalSection
	GlobalSection(ExtensibilityGlobals) = postSolution
		SolutionGuid = {EBC3A909-3CFE-4263-AC8B-7A145A6C8DDB}
	EndGlobalSection
EndGlobal
